// !$*UTF8*$!
{
	archiveVersion = 1;
	classes = {
	};
	objectVersion = 46;
	objects = {

/* Begin PBXBuildFile section */
		2E11BB3719E3D94100FC355A /* MenuCell.swift in Sources */ = {isa = PBXBuildFile; fileRef = 2E11BB3619E3D94100FC355A /* MenuCell.swift */; };
		2E42919B19DFB9B6001216DE /* AppDelegate.swift in Sources */ = {isa = PBXBuildFile; fileRef = 2E42919A19DFB9B6001216DE /* AppDelegate.swift */; };
		2E42919D19DFB9B6001216DE /* ViewController.swift in Sources */ = {isa = PBXBuildFile; fileRef = 2E42919C19DFB9B6001216DE /* ViewController.swift */; };
		2E4291A019DFB9B6001216DE /* Main.storyboard in Resources */ = {isa = PBXBuildFile; fileRef = 2E42919E19DFB9B6001216DE /* Main.storyboard */; };
		2E4291A219DFB9B6001216DE /* Images.xcassets in Resources */ = {isa = PBXBuildFile; fileRef = 2E4291A119DFB9B6001216DE /* Images.xcassets */; };
		2E4291A519DFB9B6001216DE /* LaunchScreen.xib in Resources */ = {isa = PBXBuildFile; fileRef = 2E4291A319DFB9B6001216DE /* LaunchScreen.xib */; };
		2E4291B119DFB9B6001216DE /* TwitterReduxTests.swift in Sources */ = {isa = PBXBuildFile; fileRef = 2E4291B019DFB9B6001216DE /* TwitterReduxTests.swift */; };
		2E4291C019DFBD40001216DE /* TwitterClient.swift in Sources */ = {isa = PBXBuildFile; fileRef = 2E4291BF19DFBD40001216DE /* TwitterClient.swift */; };
		2E4291C319DFBD4C001216DE /* Tweet.swift in Sources */ = {isa = PBXBuildFile; fileRef = 2E4291C119DFBD4C001216DE /* Tweet.swift */; };
		2E4291C419DFBD4C001216DE /* User.swift in Sources */ = {isa = PBXBuildFile; fileRef = 2E4291C219DFBD4C001216DE /* User.swift */; };
		2E4291C619DFC117001216DE /* TweetsViewController.swift in Sources */ = {isa = PBXBuildFile; fileRef = 2E4291C519DFC117001216DE /* TweetsViewController.swift */; };
		2E4291C819DFC4B5001216DE /* TweetCell.swift in Sources */ = {isa = PBXBuildFile; fileRef = 2E4291C719DFC4B5001216DE /* TweetCell.swift */; };
		2E4291CC19DFE776001216DE /* ContainerViewController.swift in Sources */ = {isa = PBXBuildFile; fileRef = 2E4291CB19DFE776001216DE /* ContainerViewController.swift */; };
		2EB06EDA19E43604009A55DE /* ProfileViewController.swift in Sources */ = {isa = PBXBuildFile; fileRef = 2EB06ED919E43604009A55DE /* ProfileViewController.swift */; };
		2EBED90B19E508B1001EF4FA /* UserCell.swift in Sources */ = {isa = PBXBuildFile; fileRef = 2EBED90A19E508B1001EF4FA /* UserCell.swift */; };
		E285DFC236AF44EC9E0A7F5D /* libPods.a in Frameworks */ = {isa = PBXBuildFile; fileRef = 4EC95AA35F924FD1A07B9DA8 /* libPods.a */; };
/* End PBXBuildFile section */

/* Begin PBXContainerItemProxy section */
		2E4291AB19DFB9B6001216DE /* PBXContainerItemProxy */ = {
			isa = PBXContainerItemProxy;
			containerPortal = 2E42918D19DFB9B6001216DE /* Project object */;
			proxyType = 1;
			remoteGlobalIDString = 2E42919419DFB9B6001216DE;
			remoteInfo = TwitterRedux;
		};
/* End PBXContainerItemProxy section */

/* Begin PBXFileReference section */
		2E11BB3619E3D94100FC355A /* MenuCell.swift */ = {isa = PBXFileReference; fileEncoding = 4; lastKnownFileType = sourcecode.swift; path = MenuCell.swift; sourceTree = "<group>"; };
		2E42919519DFB9B6001216DE /* TwitterRedux.app */ = {isa = PBXFileReference; explicitFileType = wrapper.application; includeInIndex = 0; path = TwitterRedux.app; sourceTree = BUILT_PRODUCTS_DIR; };
		2E42919919DFB9B6001216DE /* Info.plist */ = {isa = PBXFileReference; lastKnownFileType = text.plist.xml; path = Info.plist; sourceTree = "<group>"; };
		2E42919A19DFB9B6001216DE /* AppDelegate.swift */ = {isa = PBXFileReference; lastKnownFileType = sourcecode.swift; path = AppDelegate.swift; sourceTree = "<group>"; };
		2E42919C19DFB9B6001216DE /* ViewController.swift */ = {isa = PBXFileReference; lastKnownFileType = sourcecode.swift; path = ViewController.swift; sourceTree = "<group>"; };
		2E42919F19DFB9B6001216DE /* Base */ = {isa = PBXFileReference; lastKnownFileType = file.storyboard; name = Base; path = Base.lproj/Main.storyboard; sourceTree = "<group>"; };
		2E4291A119DFB9B6001216DE /* Images.xcassets */ = {isa = PBXFileReference; lastKnownFileType = folder.assetcatalog; path = Images.xcassets; sourceTree = "<group>"; };
		2E4291A419DFB9B6001216DE /* Base */ = {isa = PBXFileReference; lastKnownFileType = file.xib; name = Base; path = Base.lproj/LaunchScreen.xib; sourceTree = "<group>"; };
		2E4291AA19DFB9B6001216DE /* TwitterReduxTests.xctest */ = {isa = PBXFileReference; explicitFileType = wrapper.cfbundle; includeInIndex = 0; path = TwitterReduxTests.xctest; sourceTree = BUILT_PRODUCTS_DIR; };
		2E4291AF19DFB9B6001216DE /* Info.plist */ = {isa = PBXFileReference; lastKnownFileType = text.plist.xml; path = Info.plist; sourceTree = "<group>"; };
		2E4291B019DFB9B6001216DE /* TwitterReduxTests.swift */ = {isa = PBXFileReference; lastKnownFileType = sourcecode.swift; path = TwitterReduxTests.swift; sourceTree = "<group>"; };
		2E4291BB19DFBCFB001216DE /* TwitterRedux-Bridging-Header.h */ = {isa = PBXFileReference; lastKnownFileType = sourcecode.c.h; path = "TwitterRedux-Bridging-Header.h"; sourceTree = "<group>"; };
		2E4291BF19DFBD40001216DE /* TwitterClient.swift */ = {isa = PBXFileReference; fileEncoding = 4; lastKnownFileType = sourcecode.swift; path = TwitterClient.swift; sourceTree = "<group>"; };
		2E4291C119DFBD4C001216DE /* Tweet.swift */ = {isa = PBXFileReference; fileEncoding = 4; lastKnownFileType = sourcecode.swift; path = Tweet.swift; sourceTree = "<group>"; };
		2E4291C219DFBD4C001216DE /* User.swift */ = {isa = PBXFileReference; fileEncoding = 4; lastKnownFileType = sourcecode.swift; path = User.swift; sourceTree = "<group>"; };
		2E4291C519DFC117001216DE /* TweetsViewController.swift */ = {isa = PBXFileReference; fileEncoding = 4; lastKnownFileType = sourcecode.swift; path = TweetsViewController.swift; sourceTree = "<group>"; };
		2E4291C719DFC4B5001216DE /* TweetCell.swift */ = {isa = PBXFileReference; fileEncoding = 4; lastKnownFileType = sourcecode.swift; path = TweetCell.swift; sourceTree = "<group>"; };
		2E4291CB19DFE776001216DE /* ContainerViewController.swift */ = {isa = PBXFileReference; fileEncoding = 4; lastKnownFileType = sourcecode.swift; path = ContainerViewController.swift; sourceTree = "<group>"; };
		2EB06ED919E43604009A55DE /* ProfileViewController.swift */ = {isa = PBXFileReference; fileEncoding = 4; lastKnownFileType = sourcecode.swift; path = ProfileViewController.swift; sourceTree = "<group>"; };
		2EBED90A19E508B1001EF4FA /* UserCell.swift */ = {isa = PBXFileReference; fileEncoding = 4; lastKnownFileType = sourcecode.swift; path = UserCell.swift; sourceTree = "<group>"; };
		4EC95AA35F924FD1A07B9DA8 /* libPods.a */ = {isa = PBXFileReference; explicitFileType = archive.ar; includeInIndex = 0; path = libPods.a; sourceTree = BUILT_PRODUCTS_DIR; };
		510C03FC3B4E454C8A520177 /* Pods.xcconfig */ = {isa = PBXFileReference; includeInIndex = 1; lastKnownFileType = text.xcconfig; name = Pods.xcconfig; path = Pods/Pods.xcconfig; sourceTree = "<group>"; };
/* End PBXFileReference section */

/* Begin PBXFrameworksBuildPhase section */
		2E42919219DFB9B6001216DE /* Frameworks */ = {
			isa = PBXFrameworksBuildPhase;
			buildActionMask = 2147483647;
			files = (
				E285DFC236AF44EC9E0A7F5D /* libPods.a in Frameworks */,
			);
			runOnlyForDeploymentPostprocessing = 0;
		};
		2E4291A719DFB9B6001216DE /* Frameworks */ = {
			isa = PBXFrameworksBuildPhase;
			buildActionMask = 2147483647;
			files = (
			);
			runOnlyForDeploymentPostprocessing = 0;
		};
/* End PBXFrameworksBuildPhase section */

/* Begin PBXGroup section */
		2E11BB3519E3D90B00FC355A /* View */ = {
			isa = PBXGroup;
			children = (
				2E4291C719DFC4B5001216DE /* TweetCell.swift */,
				2E11BB3619E3D94100FC355A /* MenuCell.swift */,
				2EBED90A19E508B1001EF4FA /* UserCell.swift */,
			);
			name = View;
			sourceTree = "<group>";
		};
		2E42918C19DFB9B6001216DE = {
			isa = PBXGroup;
			children = (
				2E42919719DFB9B6001216DE /* TwitterRedux */,
				2E4291AD19DFB9B6001216DE /* TwitterReduxTests */,
				2E42919619DFB9B6001216DE /* Products */,
				510C03FC3B4E454C8A520177 /* Pods.xcconfig */,
				37DFAD05FAAF4F789764FB3D /* Frameworks */,
			);
			sourceTree = "<group>";
		};
		2E42919619DFB9B6001216DE /* Products */ = {
			isa = PBXGroup;
			children = (
				2E42919519DFB9B6001216DE /* TwitterRedux.app */,
				2E4291AA19DFB9B6001216DE /* TwitterReduxTests.xctest */,
			);
			name = Products;
			sourceTree = "<group>";
		};
		2E42919719DFB9B6001216DE /* TwitterRedux */ = {
			isa = PBXGroup;
			children = (
				2E4291BA19DFBBD6001216DE /* API */,
				2E4291BE19DFBD2A001216DE /* Models */,
				2E11BB3519E3D90B00FC355A /* View */,
				2EB06ED819E435CC009A55DE /* Controllers */,
				2E42919A19DFB9B6001216DE /* AppDelegate.swift */,
				2E42919E19DFB9B6001216DE /* Main.storyboard */,
				2E4291A119DFB9B6001216DE /* Images.xcassets */,
				2E4291A319DFB9B6001216DE /* LaunchScreen.xib */,
				2E42919819DFB9B6001216DE /* Supporting Files */,
				2E4291BB19DFBCFB001216DE /* TwitterRedux-Bridging-Header.h */,
			);
			path = TwitterRedux;
			sourceTree = "<group>";
		};
		2E42919819DFB9B6001216DE /* Supporting Files */ = {
			isa = PBXGroup;
			children = (
				2E42919919DFB9B6001216DE /* Info.plist */,
			);
			name = "Supporting Files";
			sourceTree = "<group>";
		};
		2E4291AD19DFB9B6001216DE /* TwitterReduxTests */ = {
			isa = PBXGroup;
			children = (
				2E4291B019DFB9B6001216DE /* TwitterReduxTests.swift */,
				2E4291AE19DFB9B6001216DE /* Supporting Files */,
			);
			path = TwitterReduxTests;
			sourceTree = "<group>";
		};
		2E4291AE19DFB9B6001216DE /* Supporting Files */ = {
			isa = PBXGroup;
			children = (
				2E4291AF19DFB9B6001216DE /* Info.plist */,
			);
			name = "Supporting Files";
			sourceTree = "<group>";
		};
		2E4291BA19DFBBD6001216DE /* API */ = {
			isa = PBXGroup;
			children = (
				2E4291BF19DFBD40001216DE /* TwitterClient.swift */,
			);
			name = API;
			sourceTree = "<group>";
		};
		2E4291BE19DFBD2A001216DE /* Models */ = {
			isa = PBXGroup;
			children = (
				2E4291C119DFBD4C001216DE /* Tweet.swift */,
				2E4291C219DFBD4C001216DE /* User.swift */,
			);
			name = Models;
			sourceTree = "<group>";
		};
		2EB06ED819E435CC009A55DE /* Controllers */ = {
			isa = PBXGroup;
			children = (
				2E42919C19DFB9B6001216DE /* ViewController.swift */,
				2E4291CB19DFE776001216DE /* ContainerViewController.swift */,
				2E4291C519DFC117001216DE /* TweetsViewController.swift */,
				2EB06ED919E43604009A55DE /* ProfileViewController.swift */,
			);
			name = Controllers;
			sourceTree = "<group>";
		};
		37DFAD05FAAF4F789764FB3D /* Frameworks */ = {
			isa = PBXGroup;
			children = (
				4EC95AA35F924FD1A07B9DA8 /* libPods.a */,
			);
			name = Frameworks;
			sourceTree = "<group>";
		};
/* End PBXGroup section */

/* Begin PBXNativeTarget section */
		2E42919419DFB9B6001216DE /* TwitterRedux */ = {
			isa = PBXNativeTarget;
			buildConfigurationList = 2E4291B419DFB9B6001216DE /* Build configuration list for PBXNativeTarget "TwitterRedux" */;
			buildPhases = (
				22A7078DA73C431187F36387 /* Check Pods Manifest.lock */,
				2E42919119DFB9B6001216DE /* Sources */,
				2E42919219DFB9B6001216DE /* Frameworks */,
				2E42919319DFB9B6001216DE /* Resources */,
				E581704801FA461B97A22230 /* Copy Pods Resources */,
			);
			buildRules = (
			);
			dependencies = (
			);
			name = TwitterRedux;
			productName = TwitterRedux;
			productReference = 2E42919519DFB9B6001216DE /* TwitterRedux.app */;
			productType = "com.apple.product-type.application";
		};
		2E4291A919DFB9B6001216DE /* TwitterReduxTests */ = {
			isa = PBXNativeTarget;
			buildConfigurationList = 2E4291B719DFB9B6001216DE /* Build configuration list for PBXNativeTarget "TwitterReduxTests" */;
			buildPhases = (
				2E4291A619DFB9B6001216DE /* Sources */,
				2E4291A719DFB9B6001216DE /* Frameworks */,
				2E4291A819DFB9B6001216DE /* Resources */,
			);
			buildRules = (
			);
			dependencies = (
				2E4291AC19DFB9B6001216DE /* PBXTargetDependency */,
			);
			name = TwitterReduxTests;
			productName = TwitterReduxTests;
			productReference = 2E4291AA19DFB9B6001216DE /* TwitterReduxTests.xctest */;
			productType = "com.apple.product-type.bundle.unit-test";
		};
/* End PBXNativeTarget section */

/* Begin PBXProject section */
		2E42918D19DFB9B6001216DE /* Project object */ = {
			isa = PBXProject;
			attributes = {
				LastUpgradeCheck = 0600;
				ORGANIZATIONNAME = Yahoo;
				TargetAttributes = {
					2E42919419DFB9B6001216DE = {
						CreatedOnToolsVersion = 6.0.1;
					};
					2E4291A919DFB9B6001216DE = {
						CreatedOnToolsVersion = 6.0.1;
						TestTargetID = 2E42919419DFB9B6001216DE;
					};
				};
			};
			buildConfigurationList = 2E42919019DFB9B6001216DE /* Build configuration list for PBXProject "TwitterRedux" */;
			compatibilityVersion = "Xcode 3.2";
			developmentRegion = English;
			hasScannedForEncodings = 0;
			knownRegions = (
				en,
				Base,
			);
			mainGroup = 2E42918C19DFB9B6001216DE;
			productRefGroup = 2E42919619DFB9B6001216DE /* Products */;
			projectDirPath = "";
			projectRoot = "";
			targets = (
				2E42919419DFB9B6001216DE /* TwitterRedux */,
				2E4291A919DFB9B6001216DE /* TwitterReduxTests */,
			);
		};
/* End PBXProject section */

/* Begin PBXResourcesBuildPhase section */
		2E42919319DFB9B6001216DE /* Resources */ = {
			isa = PBXResourcesBuildPhase;
			buildActionMask = 2147483647;
			files = (
				2E4291A019DFB9B6001216DE /* Main.storyboard in Resources */,
				2E4291A519DFB9B6001216DE /* LaunchScreen.xib in Resources */,
				2E4291A219DFB9B6001216DE /* Images.xcassets in Resources */,
			);
			runOnlyForDeploymentPostprocessing = 0;
		};
		2E4291A819DFB9B6001216DE /* Resources */ = {
			isa = PBXResourcesBuildPhase;
			buildActionMask = 2147483647;
			files = (
			);
			runOnlyForDeploymentPostprocessing = 0;
		};
/* End PBXResourcesBuildPhase section */

/* Begin PBXShellScriptBuildPhase section */
		22A7078DA73C431187F36387 /* Check Pods Manifest.lock */ = {
			isa = PBXShellScriptBuildPhase;
			buildActionMask = 2147483647;
			files = (
			);
			inputPaths = (
			);
			name = "Check Pods Manifest.lock";
			outputPaths = (
			);
			runOnlyForDeploymentPostprocessing = 0;
			shellPath = /bin/sh;
			shellScript = "diff \"${PODS_ROOT}/../Podfile.lock\" \"${PODS_ROOT}/Manifest.lock\" > /dev/null\nif [[ $? != 0 ]] ; then\n    cat << EOM\nerror: The sandbox is not in sync with the Podfile.lock. Run 'pod install' or update your CocoaPods installation.\nEOM\n    exit 1\nfi\n";
			showEnvVarsInLog = 0;
		};
		E581704801FA461B97A22230 /* Copy Pods Resources */ = {
			isa = PBXShellScriptBuildPhase;
			buildActionMask = 2147483647;
			files = (
			);
			inputPaths = (
			);
			name = "Copy Pods Resources";
			outputPaths = (
			);
			runOnlyForDeploymentPostprocessing = 0;
			shellPath = /bin/sh;
			shellScript = "\"${SRCROOT}/Pods/Pods-resources.sh\"\n";
			showEnvVarsInLog = 0;
		};
/* End PBXShellScriptBuildPhase section */

/* Begin PBXSourcesBuildPhase section */
		2E42919119DFB9B6001216DE /* Sources */ = {
			isa = PBXSourcesBuildPhase;
			buildActionMask = 2147483647;
			files = (
				2E42919D19DFB9B6001216DE /* ViewController.swift in Sources */,
				2E4291C819DFC4B5001216DE /* TweetCell.swift in Sources */,
				2EB06EDA19E43604009A55DE /* ProfileViewController.swift in Sources */,
				2E4291CC19DFE776001216DE /* ContainerViewController.swift in Sources */,
				2E4291C019DFBD40001216DE /* TwitterClient.swift in Sources */,
				2E4291C619DFC117001216DE /* TweetsViewController.swift in Sources */,
				2E11BB3719E3D94100FC355A /* MenuCell.swift in Sources */,
				2E42919B19DFB9B6001216DE /* AppDelegate.swift in Sources */,
				2E4291C419DFBD4C001216DE /* User.swift in Sources */,
				2EBED90B19E508B1001EF4FA /* UserCell.swift in Sources */,
				2E4291C319DFBD4C001216DE /* Tweet.swift in Sources */,
			);
			runOnlyForDeploymentPostprocessing = 0;
		};
		2E4291A619DFB9B6001216DE /* Sources */ = {
			isa = PBXSourcesBuildPhase;
			buildActionMask = 2147483647;
			files = (
				2E4291B119DFB9B6001216DE /* TwitterReduxTests.swift in Sources */,
			);
			runOnlyForDeploymentPostprocessing = 0;
		};
/* End PBXSourcesBuildPhase section */

/* Begin PBXTargetDependency section */
		2E4291AC19DFB9B6001216DE /* PBXTargetDependency */ = {
			isa = PBXTargetDependency;
			target = 2E42919419DFB9B6001216DE /* TwitterRedux */;
			targetProxy = 2E4291AB19DFB9B6001216DE /* PBXContainerItemProxy */;
		};
/* End PBXTargetDependency section */

/* Begin PBXVariantGroup section */
		2E42919E19DFB9B6001216DE /* Main.storyboard */ = {
			isa = PBXVariantGroup;
			children = (
				2E42919F19DFB9B6001216DE /* Base */,
			);
			name = Main.storyboard;
			sourceTree = "<group>";
		};
		2E4291A319DFB9B6001216DE /* LaunchScreen.xib */ = {
			isa = PBXVariantGroup;
			children = (
				2E4291A419DFB9B6001216DE /* Base */,
			);
			name = LaunchScreen.xib;
			sourceTree = "<group>";
		};
/* End PBXVariantGroup section */

/* Begin XCBuildConfiguration section */
		2E4291B219DFB9B6001216DE /* Debug */ = {
			isa = XCBuildConfiguration;
			buildSettings = {
				ALWAYS_SEARCH_USER_PATHS = NO;
				CLANG_CXX_LANGUAGE_STANDARD = "gnu++0x";
				CLANG_CXX_LIBRARY = "libc++";
				CLANG_ENABLE_MODULES = YES;
				CLANG_ENABLE_OBJC_ARC = YES;
				CLANG_WARN_BOOL_CONVERSION = YES;
				CLANG_WARN_CONSTANT_CONVERSION = YES;
				CLANG_WARN_DIRECT_OBJC_ISA_USAGE = YES_ERROR;
				CLANG_WARN_EMPTY_BODY = YES;
				CLANG_WARN_ENUM_CONVERSION = YES;
				CLANG_WARN_INT_CONVERSION = YES;
				CLANG_WARN_OBJC_ROOT_CLASS = YES_ERROR;
				CLANG_WARN_UNREACHABLE_CODE = YES;
				CLANG_WARN__DUPLICATE_METHOD_MATCH = YES;
				"CODE_SIGN_IDENTITY[sdk=iphoneos*]" = "iPhone Developer";
				COPY_PHASE_STRIP = NO;
				ENABLE_STRICT_OBJC_MSGSEND = YES;
				GCC_C_LANGUAGE_STANDARD = gnu99;
				GCC_DYNAMIC_NO_PIC = NO;
				GCC_OPTIMIZATION_LEVEL = 0;
				GCC_PREPROCESSOR_DEFINITIONS = (
					"DEBUG=1",
					"$(inherited)",
				);
				GCC_SYMBOLS_PRIVATE_EXTERN = NO;
				GCC_WARN_64_TO_32_BIT_CONVERSION = YES;
				GCC_WARN_ABOUT_RETURN_TYPE = YES_ERROR;
				GCC_WARN_UNDECLARED_SELECTOR = YES;
				GCC_WARN_UNINITIALIZED_AUTOS = YES_AGGRESSIVE;
				GCC_WARN_UNUSED_FUNCTION = YES;
				GCC_WARN_UNUSED_VARIABLE = YES;
				IPHONEOS_DEPLOYMENT_TARGET = 8.0;
				MTL_ENABLE_DEBUG_INFO = YES;
				ONLY_ACTIVE_ARCH = YES;
				SDKROOT = iphoneos;
				SWIFT_OPTIMIZATION_LEVEL = "-Onone";
			};
			name = Debug;
		};
		2E4291B319DFB9B6001216DE /* Release */ = {
			isa = XCBuildConfiguration;
			buildSettings = {
				ALWAYS_SEARCH_USER_PATHS = NO;
				CLANG_CXX_LANGUAGE_STANDARD = "gnu++0x";
				CLANG_CXX_LIBRARY = "libc++";
				CLANG_ENABLE_MODULES = YES;
				CLANG_ENABLE_OBJC_ARC = YES;
				CLANG_WARN_BOOL_CONVERSION = YES;
				CLANG_WARN_CONSTANT_CONVERSION = YES;
				CLANG_WARN_DIRECT_OBJC_ISA_USAGE = YES_ERROR;
				CLANG_WARN_EMPTY_BODY = YES;
				CLANG_WARN_ENUM_CONVERSION = YES;
				CLANG_WARN_INT_CONVERSION = YES;
				CLANG_WARN_OBJC_ROOT_CLASS = YES_ERROR;
				CLANG_WARN_UNREACHABLE_CODE = YES;
				CLANG_WARN__DUPLICATE_METHOD_MATCH = YES;
				"CODE_SIGN_IDENTITY[sdk=iphoneos*]" = "iPhone Developer";
				COPY_PHASE_STRIP = YES;
				ENABLE_NS_ASSERTIONS = NO;
				ENABLE_STRICT_OBJC_MSGSEND = YES;
				GCC_C_LANGUAGE_STANDARD = gnu99;
				GCC_WARN_64_TO_32_BIT_CONVERSION = YES;
				GCC_WARN_ABOUT_RETURN_TYPE = YES_ERROR;
				GCC_WARN_UNDECLARED_SELECTOR = YES;
				GCC_WARN_UNINITIALIZED_AUTOS = YES_AGGRESSIVE;
				GCC_WARN_UNUSED_FUNCTION = YES;
				GCC_WARN_UNUSED_VARIABLE = YES;
				IPHONEOS_DEPLOYMENT_TARGET = 8.0;
				MTL_ENABLE_DEBUG_INFO = NO;
				SDKROOT = iphoneos;
				VALIDATE_PRODUCT = YES;
			};
			name = Release;
		};
		2E4291B519DFB9B6001216DE /* Debug */ = {
			isa = XCBuildConfiguration;
			baseConfigurationReference = 510C03FC3B4E454C8A520177 /* Pods.xcconfig */;
			buildSettings = {
				ASSETCATALOG_COMPILER_APPICON_NAME = AppIcon;
				CLANG_ENABLE_MODULES = YES;
				INFOPLIST_FILE = TwitterRedux/Info.plist;
				LD_RUNPATH_SEARCH_PATHS = "$(inherited) @executable_path/Frameworks";
				PRODUCT_NAME = "$(TARGET_NAME)";
				SWIFT_OBJC_BRIDGING_HEADER = "TwitterRedux/TwitterRedux-Bridging-Header.h";
				SWIFT_OPTIMIZATION_LEVEL = "-Onone";
			};
			name = Debug;
		};
		2E4291B619DFB9B6001216DE /* Release */ = {
			isa = XCBuildConfiguration;
			baseConfigurationReference = 510C03FC3B4E454C8A520177 /* Pods.xcconfig */;
			buildSettings = {
				ASSETCATALOG_COMPILER_APPICON_NAME = AppIcon;
				CLANG_ENABLE_MODULES = YES;
				INFOPLIST_FILE = TwitterRedux/Info.plist;
				LD_RUNPATH_SEARCH_PATHS = "$(inherited) @executable_path/Frameworks";
				PRODUCT_NAME = "$(TARGET_NAME)";
				SWIFT_OBJC_BRIDGING_HEADER = "TwitterRedux/TwitterRedux-Bridging-Header.h";
			};
			name = Release;
		};
		2E4291B819DFB9B6001216DE /* Debug */ = {
			isa = XCBuildConfiguration;
			buildSettings = {
				BUNDLE_LOADER = "$(TEST_HOST)";
				FRAMEWORK_SEARCH_PATHS = (
					"$(SDKROOT)/Developer/Library/Frameworks",
					"$(inherited)",
				);
				GCC_PREPROCESSOR_DEFINITIONS = (
					"DEBUG=1",
					"$(inherited)",
				);
				INFOPLIST_FILE = TwitterReduxTests/Info.plist;
				LD_RUNPATH_SEARCH_PATHS = "$(inherited) @executable_path/Frameworks @loader_path/Frameworks";
				PRODUCT_NAME = "$(TARGET_NAME)";
				TEST_HOST = "$(BUILT_PRODUCTS_DIR)/TwitterRedux.app/TwitterRedux";
			};
			name = Debug;
		};
		2E4291B919DFB9B6001216DE /* Release */ = {
			isa = XCBuildConfiguration;
			buildSettings = {
				BUNDLE_LOADER = "$(TEST_HOST)";
				FRAMEWORK_SEARCH_PATHS = (
					"$(SDKROOT)/Developer/Library/Frameworks",
					"$(inherited)",
				);
				INFOPLIST_FILE = TwitterReduxTests/Info.plist;
				LD_RUNPATH_SEARCH_PATHS = "$(inherited) @executable_path/Frameworks @loader_path/Frameworks";
				PRODUCT_NAME = "$(TARGET_NAME)";
				TEST_HOST = "$(BUILT_PRODUCTS_DIR)/TwitterRedux.app/TwitterRedux";
			};
			name = Release;
		};
/* End XCBuildConfiguration section */

/* Begin XCConfigurationList section */
		2E42919019DFB9B6001216DE /* Build configuration list for PBXProject "TwitterRedux" */ = {
			isa = XCConfigurationList;
			buildConfigurations = (
				2E4291B219DFB9B6001216DE /* Debug */,
				2E4291B319DFB9B6001216DE /* Release */,
			);
			defaultConfigurationIsVisible = 0;
			defaultConfigurationName = Release;
		};
		2E4291B419DFB9B6001216DE /* Build configuration list for PBXNativeTarget "TwitterRedux" */ = {
			isa = XCConfigurationList;
			buildConfigurations = (
				2E4291B519DFB9B6001216DE /* Debug */,
				2E4291B619DFB9B6001216DE /* Release */,
			);
			defaultConfigurationIsVisible = 0;
			defaultConfigurationName = Release;
		};
		2E4291B719DFB9B6001216DE /* Build configuration list for PBXNativeTarget "TwitterReduxTests" */ = {
			isa = XCConfigurationList;
			buildConfigurations = (
				2E4291B819DFB9B6001216DE /* Debug */,
				2E4291B919DFB9B6001216DE /* Release */,
			);
			defaultConfigurationIsVisible = 0;
			defaultConfigurationName = Release;
		};
/* End XCConfigurationList section */
	};
	rootObject = 2E42918D19DFB9B6001216DE /* Project object */;
}
